// !$*UTF8*$!
{
	archiveVersion = 1;
	classes = {
	};
	objectVersion = 56;
	objects = {

/* Begin PBXBuildFile section */
		6D941F132A0D218C0025015D /* Sonority_iOSApp.swift in Sources */ = {isa = PBXBuildFile; fileRef = 6D941F122A0D218C0025015D /* Sonority_iOSApp.swift */; };
		6D941F152A0D218C0025015D /* ContentView.swift in Sources */ = {isa = PBXBuildFile; fileRef = 6D941F142A0D218C0025015D /* ContentView.swift */; };
		6D941F172A0D218D0025015D /* Assets.xcassets in Resources */ = {isa = PBXBuildFile; fileRef = 6D941F162A0D218D0025015D /* Assets.xcassets */; };
		6D941F1A2A0D218D0025015D /* Preview Assets.xcassets in Resources */ = {isa = PBXBuildFile; fileRef = 6D941F192A0D218D0025015D /* Preview Assets.xcassets */; };
		6D941F222A0D21E40025015D /* LoginScreen.swift in Sources */ = {isa = PBXBuildFile; fileRef = 6D941F212A0D21E40025015D /* LoginScreen.swift */; };
		6D941F242A0D21EF0025015D /* Homescreen.swift in Sources */ = {isa = PBXBuildFile; fileRef = 6D941F232A0D21EF0025015D /* Homescreen.swift */; };
		6D941F262A0D21FF0025015D /* RegisterScreen.swift in Sources */ = {isa = PBXBuildFile; fileRef = 6D941F252A0D21FF0025015D /* RegisterScreen.swift */; };
		6D941F282A0D22150025015D /* AccountScreen.swift in Sources */ = {isa = PBXBuildFile; fileRef = 6D941F272A0D22150025015D /* AccountScreen.swift */; };
		6D941F2A2A0D22240025015D /* SettingScreen.swift in Sources */ = {isa = PBXBuildFile; fileRef = 6D941F292A0D22240025015D /* SettingScreen.swift */; };
		6D941F2D2A0D22AD0025015D /* User.swift in Sources */ = {isa = PBXBuildFile; fileRef = 6D941F2C2A0D22AD0025015D /* User.swift */; };
		6D941F2F2A0D22C50025015D /* AuthViewModel.swift in Sources */ = {isa = PBXBuildFile; fileRef = 6D941F2E2A0D22C50025015D /* AuthViewModel.swift */; };
		6D941F322A0D23250025015D /* FirebaseAuth in Frameworks */ = {isa = PBXBuildFile; productRef = 6D941F312A0D23250025015D /* FirebaseAuth */; };
		6D941F342A0D23250025015D /* FirebaseDatabase in Frameworks */ = {isa = PBXBuildFile; productRef = 6D941F332A0D23250025015D /* FirebaseDatabase */; };
		6D941F362A0D23250025015D /* FirebaseDatabaseSwift in Frameworks */ = {isa = PBXBuildFile; productRef = 6D941F352A0D23250025015D /* FirebaseDatabaseSwift */; };
		6D941F382A0D23250025015D /* FirebaseFirestore in Frameworks */ = {isa = PBXBuildFile; productRef = 6D941F372A0D23250025015D /* FirebaseFirestore */; };
		6D941F3A2A0D23250025015D /* FirebaseFirestoreSwift in Frameworks */ = {isa = PBXBuildFile; productRef = 6D941F392A0D23250025015D /* FirebaseFirestoreSwift */; };
		6D941F3C2A0D23250025015D /* FirebaseStorage in Frameworks */ = {isa = PBXBuildFile; productRef = 6D941F3B2A0D23250025015D /* FirebaseStorage */; };
		6D941F3F2A0D23430025015D /* InputView.swift in Sources */ = {isa = PBXBuildFile; fileRef = 6D941F3E2A0D23430025015D /* InputView.swift */; };
		6D941F412A0D34340025015D /* GoogleService-Info.plist in Resources */ = {isa = PBXBuildFile; fileRef = 6D941F402A0D34340025015D /* GoogleService-Info.plist */; };
		6DED78782A0D7AE900061D2E /* Metadata.swift in Sources */ = {isa = PBXBuildFile; fileRef = 6DED78772A0D7AE900061D2E /* Metadata.swift */; };
		6DED787A2A0D7CC100061D2E /* metadata.json in Resources */ = {isa = PBXBuildFile; fileRef = 6DED78792A0D7CC100061D2E /* metadata.json */; };
		6DED787C2A0D92A700061D2E /* AlbumDetailScreen.swift in Sources */ = {isa = PBXBuildFile; fileRef = 6DED787B2A0D92A700061D2E /* AlbumDetailScreen.swift */; };
		6DED787E2A0D931400061D2E /* AlbumRowView.swift in Sources */ = {isa = PBXBuildFile; fileRef = 6DED787D2A0D931400061D2E /* AlbumRowView.swift */; };
		6DED78802A0E017C00061D2E /* Network Model.swift in Sources */ = {isa = PBXBuildFile; fileRef = 6DED787F2A0E017C00061D2E /* Network Model.swift */; };
/* End PBXBuildFile section */

/* Begin PBXFileReference section */
		6D941F0F2A0D218C0025015D /* Sonority_iOS.app */ = {isa = PBXFileReference; explicitFileType = wrapper.application; includeInIndex = 0; path = Sonority_iOS.app; sourceTree = BUILT_PRODUCTS_DIR; };
		6D941F122A0D218C0025015D /* Sonority_iOSApp.swift */ = {isa = PBXFileReference; lastKnownFileType = sourcecode.swift; path = Sonority_iOSApp.swift; sourceTree = "<group>"; };
		6D941F142A0D218C0025015D /* ContentView.swift */ = {isa = PBXFileReference; lastKnownFileType = sourcecode.swift; path = ContentView.swift; sourceTree = "<group>"; };
		6D941F162A0D218D0025015D /* Assets.xcassets */ = {isa = PBXFileReference; lastKnownFileType = folder.assetcatalog; path = Assets.xcassets; sourceTree = "<group>"; };
		6D941F192A0D218D0025015D /* Preview Assets.xcassets */ = {isa = PBXFileReference; lastKnownFileType = folder.assetcatalog; path = "Preview Assets.xcassets"; sourceTree = "<group>"; };
		6D941F212A0D21E40025015D /* LoginScreen.swift */ = {isa = PBXFileReference; lastKnownFileType = sourcecode.swift; path = LoginScreen.swift; sourceTree = "<group>"; };
		6D941F232A0D21EF0025015D /* Homescreen.swift */ = {isa = PBXFileReference; lastKnownFileType = sourcecode.swift; path = Homescreen.swift; sourceTree = "<group>"; };
		6D941F252A0D21FF0025015D /* RegisterScreen.swift */ = {isa = PBXFileReference; lastKnownFileType = sourcecode.swift; path = RegisterScreen.swift; sourceTree = "<group>"; };
		6D941F272A0D22150025015D /* AccountScreen.swift */ = {isa = PBXFileReference; lastKnownFileType = sourcecode.swift; path = AccountScreen.swift; sourceTree = "<group>"; };
		6D941F292A0D22240025015D /* SettingScreen.swift */ = {isa = PBXFileReference; lastKnownFileType = sourcecode.swift; path = SettingScreen.swift; sourceTree = "<group>"; };
		6D941F2C2A0D22AD0025015D /* User.swift */ = {isa = PBXFileReference; lastKnownFileType = sourcecode.swift; path = User.swift; sourceTree = "<group>"; };
		6D941F2E2A0D22C50025015D /* AuthViewModel.swift */ = {isa = PBXFileReference; lastKnownFileType = sourcecode.swift; path = AuthViewModel.swift; sourceTree = "<group>"; };
		6D941F3E2A0D23430025015D /* InputView.swift */ = {isa = PBXFileReference; lastKnownFileType = sourcecode.swift; path = InputView.swift; sourceTree = "<group>"; };
		6D941F402A0D34340025015D /* GoogleService-Info.plist */ = {isa = PBXFileReference; fileEncoding = 4; lastKnownFileType = text.plist.xml; path = "GoogleService-Info.plist"; sourceTree = "<group>"; };
		6DED78772A0D7AE900061D2E /* Metadata.swift */ = {isa = PBXFileReference; lastKnownFileType = sourcecode.swift; path = Metadata.swift; sourceTree = "<group>"; };
		6DED78792A0D7CC100061D2E /* metadata.json */ = {isa = PBXFileReference; fileEncoding = 4; lastKnownFileType = text.json; path = metadata.json; sourceTree = "<group>"; };
		6DED787B2A0D92A700061D2E /* AlbumDetailScreen.swift */ = {isa = PBXFileReference; lastKnownFileType = sourcecode.swift; path = AlbumDetailScreen.swift; sourceTree = "<group>"; };
		6DED787D2A0D931400061D2E /* AlbumRowView.swift */ = {isa = PBXFileReference; lastKnownFileType = sourcecode.swift; path = AlbumRowView.swift; sourceTree = "<group>"; };
		6DED787F2A0E017C00061D2E /* Network Model.swift */ = {isa = PBXFileReference; lastKnownFileType = sourcecode.swift; path = "Network Model.swift"; sourceTree = "<group>"; };
/* End PBXFileReference section */

/* Begin PBXFrameworksBuildPhase section */
		6D941F0C2A0D218C0025015D /* Frameworks */ = {
			isa = PBXFrameworksBuildPhase;
			buildActionMask = 2147483647;
			files = (
				6D941F3A2A0D23250025015D /* FirebaseFirestoreSwift in Frameworks */,
				6D941F362A0D23250025015D /* FirebaseDatabaseSwift in Frameworks */,
				6D941F382A0D23250025015D /* FirebaseFirestore in Frameworks */,
				6D941F342A0D23250025015D /* FirebaseDatabase in Frameworks */,
				6D941F322A0D23250025015D /* FirebaseAuth in Frameworks */,
				6D941F3C2A0D23250025015D /* FirebaseStorage in Frameworks */,
			);
			runOnlyForDeploymentPostprocessing = 0;
		};
/* End PBXFrameworksBuildPhase section */

/* Begin PBXGroup section */
		6D941F062A0D218C0025015D = {
			isa = PBXGroup;
			children = (
				6D941F112A0D218C0025015D /* Sonority_iOS */,
				6D941F102A0D218C0025015D /* Products */,
			);
			sourceTree = "<group>";
		};
		6D941F102A0D218C0025015D /* Products */ = {
			isa = PBXGroup;
			children = (
				6D941F0F2A0D218C0025015D /* Sonority_iOS.app */,
			);
			name = Products;
			sourceTree = "<group>";
		};
		6D941F112A0D218C0025015D /* Sonority_iOS */ = {
			isa = PBXGroup;
			children = (
				6DED78792A0D7CC100061D2E /* metadata.json */,
				6D941F3D2A0D232E0025015D /* Authentication */,
				6D941F2B2A0D228F0025015D /* Model */,
				6D941F202A0D21D10025015D /* Screens */,
				6D941F122A0D218C0025015D /* Sonority_iOSApp.swift */,
				6D941F142A0D218C0025015D /* ContentView.swift */,
				6D941F162A0D218D0025015D /* Assets.xcassets */,
				6D941F402A0D34340025015D /* GoogleService-Info.plist */,
				6D941F182A0D218D0025015D /* Preview Content */,
			);
			path = Sonority_iOS;
			sourceTree = "<group>";
		};
		6D941F182A0D218D0025015D /* Preview Content */ = {
			isa = PBXGroup;
			children = (
				6D941F192A0D218D0025015D /* Preview Assets.xcassets */,
			);
			path = "Preview Content";
			sourceTree = "<group>";
		};
		6D941F202A0D21D10025015D /* Screens */ = {
			isa = PBXGroup;
			children = (
				6D941F212A0D21E40025015D /* LoginScreen.swift */,
				6D941F232A0D21EF0025015D /* Homescreen.swift */,
				6D941F252A0D21FF0025015D /* RegisterScreen.swift */,
				6D941F272A0D22150025015D /* AccountScreen.swift */,
				6D941F292A0D22240025015D /* SettingScreen.swift */,
				6DED787B2A0D92A700061D2E /* AlbumDetailScreen.swift */,
			);
			path = Screens;
			sourceTree = "<group>";
		};
		6D941F2B2A0D228F0025015D /* Model */ = {
			isa = PBXGroup;
			children = (
				6D941F2C2A0D22AD0025015D /* User.swift */,
				6D941F2E2A0D22C50025015D /* AuthViewModel.swift */,
				6DED78772A0D7AE900061D2E /* Metadata.swift */,
				6DED787F2A0E017C00061D2E /* Network Model.swift */,
			);
			path = Model;
			sourceTree = "<group>";
		};
		6D941F3D2A0D232E0025015D /* Authentication */ = {
			isa = PBXGroup;
			children = (
				6D941F3E2A0D23430025015D /* InputView.swift */,
				6DED787D2A0D931400061D2E /* AlbumRowView.swift */,
			);
			path = Authentication;
			sourceTree = "<group>";
		};
/* End PBXGroup section */

/* Begin PBXNativeTarget section */
		6D941F0E2A0D218C0025015D /* Sonority_iOS */ = {
			isa = PBXNativeTarget;
			buildConfigurationList = 6D941F1D2A0D218D0025015D /* Build configuration list for PBXNativeTarget "Sonority_iOS" */;
			buildPhases = (
				6D941F0B2A0D218C0025015D /* Sources */,
				6D941F0C2A0D218C0025015D /* Frameworks */,
				6D941F0D2A0D218C0025015D /* Resources */,
			);
			buildRules = (
			);
			dependencies = (
			);
			name = Sonority_iOS;
			packageProductDependencies = (
				6D941F312A0D23250025015D /* FirebaseAuth */,
				6D941F332A0D23250025015D /* FirebaseDatabase */,
				6D941F352A0D23250025015D /* FirebaseDatabaseSwift */,
				6D941F372A0D23250025015D /* FirebaseFirestore */,
				6D941F392A0D23250025015D /* FirebaseFirestoreSwift */,
				6D941F3B2A0D23250025015D /* FirebaseStorage */,
			);
			productName = Sonority_iOS;
			productReference = 6D941F0F2A0D218C0025015D /* Sonority_iOS.app */;
			productType = "com.apple.product-type.application";
		};
/* End PBXNativeTarget section */

/* Begin PBXProject section */
		6D941F072A0D218C0025015D /* Project object */ = {
			isa = PBXProject;
			attributes = {
				BuildIndependentTargetsInParallel = 1;
				LastSwiftUpdateCheck = 1430;
				LastUpgradeCheck = 1430;
				TargetAttributes = {
					6D941F0E2A0D218C0025015D = {
						CreatedOnToolsVersion = 14.3;
					};
				};
			};
			buildConfigurationList = 6D941F0A2A0D218C0025015D /* Build configuration list for PBXProject "Sonority_iOS" */;
			compatibilityVersion = "Xcode 14.0";
			developmentRegion = en;
			hasScannedForEncodings = 0;
			knownRegions = (
				en,
				Base,
			);
			mainGroup = 6D941F062A0D218C0025015D;
			packageReferences = (
				6D941F302A0D23250025015D /* XCRemoteSwiftPackageReference "firebase-ios-sdk" */,
			);
			productRefGroup = 6D941F102A0D218C0025015D /* Products */;
			projectDirPath = "";
			projectRoot = "";
			targets = (
				6D941F0E2A0D218C0025015D /* Sonority_iOS */,
			);
		};
/* End PBXProject section */

/* Begin PBXResourcesBuildPhase section */
		6D941F0D2A0D218C0025015D /* Resources */ = {
			isa = PBXResourcesBuildPhase;
			buildActionMask = 2147483647;
			files = (
				6D941F1A2A0D218D0025015D /* Preview Assets.xcassets in Resources */,
				6D941F172A0D218D0025015D /* Assets.xcassets in Resources */,
				6DED787A2A0D7CC100061D2E /* metadata.json in Resources */,
				6D941F412A0D34340025015D /* GoogleService-Info.plist in Resources */,
			);
			runOnlyForDeploymentPostprocessing = 0;
		};
/* End PBXResourcesBuildPhase section */

/* Begin PBXSourcesBuildPhase section */
		6D941F0B2A0D218C0025015D /* Sources */ = {
			isa = PBXSourcesBuildPhase;
			buildActionMask = 2147483647;
			files = (
				6D941F262A0D21FF0025015D /* RegisterScreen.swift in Sources */,
				6D941F242A0D21EF0025015D /* Homescreen.swift in Sources */,
				6D941F152A0D218C0025015D /* ContentView.swift in Sources */,
				6D941F2A2A0D22240025015D /* SettingScreen.swift in Sources */,
				6D941F2D2A0D22AD0025015D /* User.swift in Sources */,
				6D941F282A0D22150025015D /* AccountScreen.swift in Sources */,
				6DED787C2A0D92A700061D2E /* AlbumDetailScreen.swift in Sources */,
				6D941F132A0D218C0025015D /* Sonority_iOSApp.swift in Sources */,
				6DED787E2A0D931400061D2E /* AlbumRowView.swift in Sources */,
				6DED78782A0D7AE900061D2E /* Metadata.swift in Sources */,
				6D941F3F2A0D23430025015D /* InputView.swift in Sources */,
				6DED78802A0E017C00061D2E /* Network Model.swift in Sources */,
				6D941F222A0D21E40025015D /* LoginScreen.swift in Sources */,
				6D941F2F2A0D22C50025015D /* AuthViewModel.swift in Sources */,
			);
			runOnlyForDeploymentPostprocessing = 0;
		};
/* End PBXSourcesBuildPhase section */

/* Begin XCBuildConfiguration section */
		6D941F1B2A0D218D0025015D /* Debug */ = {
			isa = XCBuildConfiguration;
			buildSettings = {
				ALWAYS_SEARCH_USER_PATHS = NO;
				CLANG_ANALYZER_NONNULL = YES;
				CLANG_ANALYZER_NUMBER_OBJECT_CONVERSION = YES_AGGRESSIVE;
				CLANG_CXX_LANGUAGE_STANDARD = "gnu++20";
				CLANG_ENABLE_MODULES = YES;
				CLANG_ENABLE_OBJC_ARC = YES;
				CLANG_ENABLE_OBJC_WEAK = YES;
				CLANG_WARN_BLOCK_CAPTURE_AUTORELEASING = YES;
				CLANG_WARN_BOOL_CONVERSION = YES;
				CLANG_WARN_COMMA = YES;
				CLANG_WARN_CONSTANT_CONVERSION = YES;
				CLANG_WARN_DEPRECATED_OBJC_IMPLEMENTATIONS = YES;
				CLANG_WARN_DIRECT_OBJC_ISA_USAGE = YES_ERROR;
				CLANG_WARN_DOCUMENTATION_COMMENTS = YES;
				CLANG_WARN_EMPTY_BODY = YES;
				CLANG_WARN_ENUM_CONVERSION = YES;
				CLANG_WARN_INFINITE_RECURSION = YES;
				CLANG_WARN_INT_CONVERSION = YES;
				CLANG_WARN_NON_LITERAL_NULL_CONVERSION = YES;
				CLANG_WARN_OBJC_IMPLICIT_RETAIN_SELF = YES;
				CLANG_WARN_OBJC_LITERAL_CONVERSION = YES;
				CLANG_WARN_OBJC_ROOT_CLASS = YES_ERROR;
				CLANG_WARN_QUOTED_INCLUDE_IN_FRAMEWORK_HEADER = YES;
				CLANG_WARN_RANGE_LOOP_ANALYSIS = YES;
				CLANG_WARN_STRICT_PROTOTYPES = YES;
				CLANG_WARN_SUSPICIOUS_MOVE = YES;
				CLANG_WARN_UNGUARDED_AVAILABILITY = YES_AGGRESSIVE;
				CLANG_WARN_UNREACHABLE_CODE = YES;
				CLANG_WARN__DUPLICATE_METHOD_MATCH = YES;
				COPY_PHASE_STRIP = NO;
				DEBUG_INFORMATION_FORMAT = dwarf;
				ENABLE_STRICT_OBJC_MSGSEND = YES;
				ENABLE_TESTABILITY = YES;
				GCC_C_LANGUAGE_STANDARD = gnu11;
				GCC_DYNAMIC_NO_PIC = NO;
				GCC_NO_COMMON_BLOCKS = YES;
				GCC_OPTIMIZATION_LEVEL = 0;
				GCC_PREPROCESSOR_DEFINITIONS = (
					"DEBUG=1",
					"$(inherited)",
				);
				GCC_WARN_64_TO_32_BIT_CONVERSION = YES;
				GCC_WARN_ABOUT_RETURN_TYPE = YES_ERROR;
				GCC_WARN_UNDECLARED_SELECTOR = YES;
				GCC_WARN_UNINITIALIZED_AUTOS = YES_AGGRESSIVE;
				GCC_WARN_UNUSED_FUNCTION = YES;
				GCC_WARN_UNUSED_VARIABLE = YES;
				IPHONEOS_DEPLOYMENT_TARGET = 16.4;
				MTL_ENABLE_DEBUG_INFO = INCLUDE_SOURCE;
				MTL_FAST_MATH = YES;
				ONLY_ACTIVE_ARCH = YES;
				SDKROOT = iphoneos;
				SWIFT_ACTIVE_COMPILATION_CONDITIONS = DEBUG;
				SWIFT_OPTIMIZATION_LEVEL = "-Onone";
			};
			name = Debug;
		};
		6D941F1C2A0D218D0025015D /* Release */ = {
			isa = XCBuildConfiguration;
			buildSettings = {
				ALWAYS_SEARCH_USER_PATHS = NO;
				CLANG_ANALYZER_NONNULL = YES;
				CLANG_ANALYZER_NUMBER_OBJECT_CONVERSION = YES_AGGRESSIVE;
				CLANG_CXX_LANGUAGE_STANDARD = "gnu++20";
				CLANG_ENABLE_MODULES = YES;
				CLANG_ENABLE_OBJC_ARC = YES;
				CLANG_ENABLE_OBJC_WEAK = YES;
				CLANG_WARN_BLOCK_CAPTURE_AUTORELEASING = YES;
				CLANG_WARN_BOOL_CONVERSION = YES;
				CLANG_WARN_COMMA = YES;
				CLANG_WARN_CONSTANT_CONVERSION = YES;
				CLANG_WARN_DEPRECATED_OBJC_IMPLEMENTATIONS = YES;
				CLANG_WARN_DIRECT_OBJC_ISA_USAGE = YES_ERROR;
				CLANG_WARN_DOCUMENTATION_COMMENTS = YES;
				CLANG_WARN_EMPTY_BODY = YES;
				CLANG_WARN_ENUM_CONVERSION = YES;
				CLANG_WARN_INFINITE_RECURSION = YES;
				CLANG_WARN_INT_CONVERSION = YES;
				CLANG_WARN_NON_LITERAL_NULL_CONVERSION = YES;
				CLANG_WARN_OBJC_IMPLICIT_RETAIN_SELF = YES;
				CLANG_WARN_OBJC_LITERAL_CONVERSION = YES;
				CLANG_WARN_OBJC_ROOT_CLASS = YES_ERROR;
				CLANG_WARN_QUOTED_INCLUDE_IN_FRAMEWORK_HEADER = YES;
				CLANG_WARN_RANGE_LOOP_ANALYSIS = YES;
				CLANG_WARN_STRICT_PROTOTYPES = YES;
				CLANG_WARN_SUSPICIOUS_MOVE = YES;
				CLANG_WARN_UNGUARDED_AVAILABILITY = YES_AGGRESSIVE;
				CLANG_WARN_UNREACHABLE_CODE = YES;
				CLANG_WARN__DUPLICATE_METHOD_MATCH = YES;
				COPY_PHASE_STRIP = NO;
				DEBUG_INFORMATION_FORMAT = "dwarf-with-dsym";
				ENABLE_NS_ASSERTIONS = NO;
				ENABLE_STRICT_OBJC_MSGSEND = YES;
				GCC_C_LANGUAGE_STANDARD = gnu11;
				GCC_NO_COMMON_BLOCKS = YES;
				GCC_WARN_64_TO_32_BIT_CONVERSION = YES;
				GCC_WARN_ABOUT_RETURN_TYPE = YES_ERROR;
				GCC_WARN_UNDECLARED_SELECTOR = YES;
				GCC_WARN_UNINITIALIZED_AUTOS = YES_AGGRESSIVE;
				GCC_WARN_UNUSED_FUNCTION = YES;
				GCC_WARN_UNUSED_VARIABLE = YES;
				IPHONEOS_DEPLOYMENT_TARGET = 16.4;
				MTL_ENABLE_DEBUG_INFO = NO;
				MTL_FAST_MATH = YES;
				SDKROOT = iphoneos;
				SWIFT_COMPILATION_MODE = wholemodule;
				SWIFT_OPTIMIZATION_LEVEL = "-O";
				VALIDATE_PRODUCT = YES;
			};
			name = Release;
		};
		6D941F1E2A0D218D0025015D /* Debug */ = {
			isa = XCBuildConfiguration;
			buildSettings = {
				ASSETCATALOG_COMPILER_APPICON_NAME = AppIcon;
				ASSETCATALOG_COMPILER_GLOBAL_ACCENT_COLOR_NAME = AccentColor;
				CODE_SIGN_STYLE = Automatic;
				CURRENT_PROJECT_VERSION = 1;
				DEVELOPMENT_ASSET_PATHS = "\"Sonority_iOS/Preview Content\"";
				DEVELOPMENT_TEAM = 2RLLQGN3MG;
				ENABLE_PREVIEWS = YES;
				GENERATE_INFOPLIST_FILE = YES;
				INFOPLIST_KEY_UIApplicationSceneManifest_Generation = YES;
				INFOPLIST_KEY_UIApplicationSupportsIndirectInputEvents = YES;
				INFOPLIST_KEY_UILaunchScreen_Generation = YES;
				INFOPLIST_KEY_UISupportedInterfaceOrientations_iPad = "UIInterfaceOrientationPortrait UIInterfaceOrientationPortraitUpsideDown UIInterfaceOrientationLandscapeLeft UIInterfaceOrientationLandscapeRight";
				INFOPLIST_KEY_UISupportedInterfaceOrientations_iPhone = "UIInterfaceOrientationPortrait UIInterfaceOrientationLandscapeLeft UIInterfaceOrientationLandscapeRight";
				LD_RUNPATH_SEARCH_PATHS = (
					"$(inherited)",
					"@executable_path/Frameworks",
				);
				MARKETING_VERSION = 1.0;
				PRODUCT_BUNDLE_IDENTIFIER = "Sonority-iOS";
				PRODUCT_NAME = "$(TARGET_NAME)";
				SWIFT_EMIT_LOC_STRINGS = YES;
				SWIFT_VERSION = 5.0;
				TARGETED_DEVICE_FAMILY = "1,2";
			};
			name = Debug;
		};
		6D941F1F2A0D218D0025015D /* Release */ = {
			isa = XCBuildConfiguration;
			buildSettings = {
				ASSETCATALOG_COMPILER_APPICON_NAME = AppIcon;
				ASSETCATALOG_COMPILER_GLOBAL_ACCENT_COLOR_NAME = AccentColor;
				CODE_SIGN_STYLE = Automatic;
				CURRENT_PROJECT_VERSION = 1;
				DEVELOPMENT_ASSET_PATHS = "\"Sonority_iOS/Preview Content\"";
				DEVELOPMENT_TEAM = 2RLLQGN3MG;
				ENABLE_PREVIEWS = YES;
				GENERATE_INFOPLIST_FILE = YES;
				INFOPLIST_KEY_UIApplicationSceneManifest_Generation = YES;
				INFOPLIST_KEY_UIApplicationSupportsIndirectInputEvents = YES;
				INFOPLIST_KEY_UILaunchScreen_Generation = YES;
				INFOPLIST_KEY_UISupportedInterfaceOrientations_iPad = "UIInterfaceOrientationPortrait UIInterfaceOrientationPortraitUpsideDown UIInterfaceOrientationLandscapeLeft UIInterfaceOrientationLandscapeRight";
				INFOPLIST_KEY_UISupportedInterfaceOrientations_iPhone = "UIInterfaceOrientationPortrait UIInterfaceOrientationLandscapeLeft UIInterfaceOrientationLandscapeRight";
				LD_RUNPATH_SEARCH_PATHS = (
					"$(inherited)",
					"@executable_path/Frameworks",
				);
				MARKETING_VERSION = 1.0;
				PRODUCT_BUNDLE_IDENTIFIER = "Sonority-iOS";
				PRODUCT_NAME = "$(TARGET_NAME)";
				SWIFT_EMIT_LOC_STRINGS = YES;
				SWIFT_VERSION = 5.0;
				TARGETED_DEVICE_FAMILY = "1,2";
			};
			name = Release;
		};
/* End XCBuildConfiguration section */

/* Begin XCConfigurationList section */
		6D941F0A2A0D218C0025015D /* Build configuration list for PBXProject "Sonority_iOS" */ = {
			isa = XCConfigurationList;
			buildConfigurations = (
				6D941F1B2A0D218D0025015D /* Debug */,
				6D941F1C2A0D218D0025015D /* Release */,
			);
			defaultConfigurationIsVisible = 0;
			defaultConfigurationName = Release;
		};
		6D941F1D2A0D218D0025015D /* Build configuration list for PBXNativeTarget "Sonority_iOS" */ = {
			isa = XCConfigurationList;
			buildConfigurations = (
				6D941F1E2A0D218D0025015D /* Debug */,
				6D941F1F2A0D218D0025015D /* Release */,
			);
			defaultConfigurationIsVisible = 0;
			defaultConfigurationName = Release;
		};
/* End XCConfigurationList section */

/* Begin XCRemoteSwiftPackageReference section */
		6D941F302A0D23250025015D /* XCRemoteSwiftPackageReference "firebase-ios-sdk" */ = {
			isa = XCRemoteSwiftPackageReference;
			repositoryURL = "https://github.com/firebase/firebase-ios-sdk.git";
			requirement = {
				kind = upToNextMajorVersion;
				minimumVersion = 10.0.0;
			};
		};
/* End XCRemoteSwiftPackageReference section */

/* Begin XCSwiftPackageProductDependency section */
		6D941F312A0D23250025015D /* FirebaseAuth */ = {
			isa = XCSwiftPackageProductDependency;
			package = 6D941F302A0D23250025015D /* XCRemoteSwiftPackageReference "firebase-ios-sdk" */;
			productName = FirebaseAuth;
		};
		6D941F332A0D23250025015D /* FirebaseDatabase */ = {
			isa = XCSwiftPackageProductDependency;
			package = 6D941F302A0D23250025015D /* XCRemoteSwiftPackageReference "firebase-ios-sdk" */;
			productName = FirebaseDatabase;
		};
		6D941F352A0D23250025015D /* FirebaseDatabaseSwift */ = {
			isa = XCSwiftPackageProductDependency;
			package = 6D941F302A0D23250025015D /* XCRemoteSwiftPackageReference "firebase-ios-sdk" */;
			productName = FirebaseDatabaseSwift;
		};
		6D941F372A0D23250025015D /* FirebaseFirestore */ = {
			isa = XCSwiftPackageProductDependency;
			package = 6D941F302A0D23250025015D /* XCRemoteSwiftPackageReference "firebase-ios-sdk" */;
			productName = FirebaseFirestore;
		};
		6D941F392A0D23250025015D /* FirebaseFirestoreSwift */ = {
			isa = XCSwiftPackageProductDependency;
			package = 6D941F302A0D23250025015D /* XCRemoteSwiftPackageReference "firebase-ios-sdk" */;
			productName = FirebaseFirestoreSwift;
		};
		6D941F3B2A0D23250025015D /* FirebaseStorage */ = {
			isa = XCSwiftPackageProductDependency;
			package = 6D941F302A0D23250025015D /* XCRemoteSwiftPackageReference "firebase-ios-sdk" */;
			productName = FirebaseStorage;
		};
/* End XCSwiftPackageProductDependency section */
	};
	rootObject = 6D941F072A0D218C0025015D /* Project object */;
}
